
Microsoft Visual Studio Solution File, Format Version 12.00
# Visual Studio 15
VisualStudioVersion = 15.0.28307.645
MinimumVisualStudioVersion = 10.0.40219.1
Project("{8BC9CEB8-8B4A-11D0-8D11-00A0C91BC942}") = "xenvusb", "xenvusb\xenvusb.vcxproj", "{FAF03749-94FB-4569-BE66-CA68149F838E}"
	ProjectSection(ProjectDependencies) = postProject
		{65FA97EA-A569-4FC1-BFE7-D68E109143F7} = {65FA97EA-A569-4FC1-BFE7-D68E109143F7}
	EndProjectSection
EndProject
Project("{8BC9CEB8-8B4A-11D0-8D11-00A0C91BC942}") = "xenvusb_coinst", "xenvusb_coinst\xenvusb_coinst.vcxproj", "{3DCBF74B-CAD2-49B4-9AC5-13E4844DE9D0}"
	ProjectSection(ProjectDependencies) = postProject
		{65FA97EA-A569-4FC1-BFE7-D68E109143F7} = {65FA97EA-A569-4FC1-BFE7-D68E109143F7}
	EndProjectSection
EndProject
Project("{8BC9CEB8-8B4A-11D0-8D11-00A0C91BC942}") = "package", "package\package.vcxproj", "{03237EF5-FB1D-4973-99FC-6FE0BCEBE61D}"
	ProjectSection(ProjectDependencies) = postProject
		{65FA97EA-A569-4FC1-BFE7-D68E109143F7} = {65FA97EA-A569-4FC1-BFE7-D68E109143F7}
	EndProjectSection
EndProject
Project("{8BC9CEB8-8B4A-11D0-8D11-00A0C91BC942}") = "version", "version\version.vcxproj", "{65FA97EA-A569-4FC1-BFE7-D68E109143F7}"
EndProject
Global
	GlobalSection(SolutionConfigurationPlatforms) = preSolution
		Debug|ARM = Debug|ARM
		Debug|ARM64 = Debug|ARM64
		Debug|x64 = Debug|x64
		Debug|x86 = Debug|x86
		Release|ARM = Release|ARM
		Release|ARM64 = Release|ARM64
		Release|x64 = Release|x64
		Release|x86 = Release|x86
		Windows 10 Debug|ARM = Windows 10 Debug|ARM
		Windows 10 Debug|ARM64 = Windows 10 Debug|ARM64
		Windows 10 Debug|x64 = Windows 10 Debug|x64
		Windows 10 Debug|x86 = Windows 10 Debug|x86
		Windows 10 Release|ARM = Windows 10 Release|ARM
		Windows 10 Release|ARM64 = Windows 10 Release|ARM64
		Windows 10 Release|x64 = Windows 10 Release|x64
		Windows 10 Release|x86 = Windows 10 Release|x86
		Windows 7 Debug|ARM = Windows 7 Debug|ARM
		Windows 7 Debug|ARM64 = Windows 7 Debug|ARM64
		Windows 7 Debug|x64 = Windows 7 Debug|x64
		Windows 7 Debug|x86 = Windows 7 Debug|x86
		Windows 7 Release|ARM = Windows 7 Release|ARM
		Windows 7 Release|ARM64 = Windows 7 Release|ARM64
		Windows 7 Release|x64 = Windows 7 Release|x64
		Windows 7 Release|x86 = Windows 7 Release|x86
	EndGlobalSection
	GlobalSection(ProjectConfigurationPlatforms) = postSolution
		{FAF03749-94FB-4569-BE66-CA68149F838E}.Debug|ARM.ActiveCfg = Windows 7 Release|Win32
		{FAF03749-94FB-4569-BE66-CA68149F838E}.Debug|ARM.Build.0 = Windows 7 Release|Win32
		{FAF03749-94FB-4569-BE66-CA68149F838E}.Debug|ARM.Deploy.0 = Windows 7 Release|Win32
		{FAF03749-94FB-4569-BE66-CA68149F838E}.Debug|ARM64.ActiveCfg = Windows 7 Release|Win32
		{FAF03749-94FB-4569-BE66-CA68149F838E}.Debug|ARM64.Build.0 = Windows 7 Release|Win32
		{FAF03749-94FB-4569-BE66-CA68149F838E}.Debug|ARM64.Deploy.0 = Windows 7 Release|Win32
		{FAF03749-94FB-4569-BE66-CA68149F838E}.Debug|x64.ActiveCfg = Windows 7 Debug|x64
		{FAF03749-94FB-4569-BE66-CA68149F838E}.Debug|x64.Build.0 = Windows 7 Debug|x64
		{FAF03749-94FB-4569-BE66-CA68149F838E}.Debug|x64.Deploy.0 = Windows 7 Debug|x64
		{FAF03749-94FB-4569-BE66-CA68149F838E}.Debug|x86.ActiveCfg = Windows 7 Debug|Win32
		{FAF03749-94FB-4569-BE66-CA68149F838E}.Debug|x86.Build.0 = Windows 7 Debug|Win32
		{FAF03749-94FB-4569-BE66-CA68149F838E}.Debug|x86.Deploy.0 = Windows 7 Debug|Win32
		{FAF03749-94FB-4569-BE66-CA68149F838E}.Release|ARM.ActiveCfg = Windows 7 Release|Win32
		{FAF03749-94FB-4569-BE66-CA68149F838E}.Release|ARM.Build.0 = Windows 7 Release|Win32
		{FAF03749-94FB-4569-BE66-CA68149F838E}.Release|ARM.Deploy.0 = Windows 7 Release|Win32
		{FAF03749-94FB-4569-BE66-CA68149F838E}.Release|ARM64.ActiveCfg = Windows 7 Release|Win32
		{FAF03749-94FB-4569-BE66-CA68149F838E}.Release|ARM64.Build.0 = Windows 7 Release|Win32
		{FAF03749-94FB-4569-BE66-CA68149F838E}.Release|ARM64.Deploy.0 = Windows 7 Release|Win32
		{FAF03749-94FB-4569-BE66-CA68149F838E}.Release|x64.ActiveCfg = Windows 7 Release|x64
		{FAF03749-94FB-4569-BE66-CA68149F838E}.Release|x64.Build.0 = Windows 7 Release|x64
		{FAF03749-94FB-4569-BE66-CA68149F838E}.Release|x64.Deploy.0 = Windows 7 Release|x64
		{FAF03749-94FB-4569-BE66-CA68149F838E}.Release|x86.ActiveCfg = Windows 7 Release|Win32
		{FAF03749-94FB-4569-BE66-CA68149F838E}.Release|x86.Build.0 = Windows 7 Release|Win32
		{FAF03749-94FB-4569-BE66-CA68149F838E}.Release|x86.Deploy.0 = Windows 7 Release|Win32
		{FAF03749-94FB-4569-BE66-CA68149F838E}.Windows 10 Debug|ARM.ActiveCfg = Windows 10 Debug|Win32
		{FAF03749-94FB-4569-BE66-CA68149F838E}.Windows 10 Debug|ARM64.ActiveCfg = Windows 10 Debug|Win32
		{FAF03749-94FB-4569-BE66-CA68149F838E}.Windows 10 Debug|x64.ActiveCfg = Windows 10 Debug|x64
		{FAF03749-94FB-4569-BE66-CA68149F838E}.Windows 10 Debug|x64.Build.0 = Windows 10 Debug|x64
		{FAF03749-94FB-4569-BE66-CA68149F838E}.Windows 10 Debug|x64.Deploy.0 = Windows 10 Debug|x64
		{FAF03749-94FB-4569-BE66-CA68149F838E}.Windows 10 Debug|x86.ActiveCfg = Windows 10 Debug|Win32
		{FAF03749-94FB-4569-BE66-CA68149F838E}.Windows 10 Debug|x86.Build.0 = Windows 10 Debug|Win32
		{FAF03749-94FB-4569-BE66-CA68149F838E}.Windows 10 Debug|x86.Deploy.0 = Windows 10 Debug|Win32
		{FAF03749-94FB-4569-BE66-CA68149F838E}.Windows 10 Release|ARM.ActiveCfg = Windows 10 Release|Win32
		{FAF03749-94FB-4569-BE66-CA68149F838E}.Windows 10 Release|ARM64.ActiveCfg = Windows 10 Release|Win32
		{FAF03749-94FB-4569-BE66-CA68149F838E}.Windows 10 Release|x64.ActiveCfg = Windows 10 Release|x64
		{FAF03749-94FB-4569-BE66-CA68149F838E}.Windows 10 Release|x64.Build.0 = Windows 10 Release|x64
		{FAF03749-94FB-4569-BE66-CA68149F838E}.Windows 10 Release|x64.Deploy.0 = Windows 10 Release|x64
		{FAF03749-94FB-4569-BE66-CA68149F838E}.Windows 10 Release|x86.ActiveCfg = Windows 10 Release|Win32
		{FAF03749-94FB-4569-BE66-CA68149F838E}.Windows 10 Release|x86.Build.0 = Windows 10 Release|Win32
		{FAF03749-94FB-4569-BE66-CA68149F838E}.Windows 10 Release|x86.Deploy.0 = Windows 10 Release|Win32
		{FAF03749-94FB-4569-BE66-CA68149F838E}.Windows 7 Debug|ARM.ActiveCfg = Windows 7 Debug|Win32
		{FAF03749-94FB-4569-BE66-CA68149F838E}.Windows 7 Debug|ARM64.ActiveCfg = Windows 7 Debug|Win32
		{FAF03749-94FB-4569-BE66-CA68149F838E}.Windows 7 Debug|x64.ActiveCfg = Windows 7 Debug|x64
		{FAF03749-94FB-4569-BE66-CA68149F838E}.Windows 7 Debug|x64.Build.0 = Windows 7 Debug|x64
		{FAF03749-94FB-4569-BE66-CA68149F838E}.Windows 7 Debug|x64.Deploy.0 = Windows 7 Debug|x64
		{FAF03749-94FB-4569-BE66-CA68149F838E}.Windows 7 Debug|x86.ActiveCfg = Windows 7 Debug|Win32
		{FAF03749-94FB-4569-BE66-CA68149F838E}.Windows 7 Debug|x86.Build.0 = Windows 7 Debug|Win32
		{FAF03749-94FB-4569-BE66-CA68149F838E}.Windows 7 Debug|x86.Deploy.0 = Windows 7 Debug|Win32
		{FAF03749-94FB-4569-BE66-CA68149F838E}.Windows 7 Release|ARM.ActiveCfg = Windows 7 Release|Win32
		{FAF03749-94FB-4569-BE66-CA68149F838E}.Windows 7 Release|ARM64.ActiveCfg = Windows 7 Release|Win32
		{FAF03749-94FB-4569-BE66-CA68149F838E}.Windows 7 Release|x64.ActiveCfg = Windows 7 Release|x64
		{FAF03749-94FB-4569-BE66-CA68149F838E}.Windows 7 Release|x64.Build.0 = Windows 7 Release|x64
		{FAF03749-94FB-4569-BE66-CA68149F838E}.Windows 7 Release|x64.Deploy.0 = Windows 7 Release|x64
		{FAF03749-94FB-4569-BE66-CA68149F838E}.Windows 7 Release|x86.ActiveCfg = Windows 7 Release|Win32
		{FAF03749-94FB-4569-BE66-CA68149F838E}.Windows 7 Release|x86.Build.0 = Windows 7 Release|Win32
		{FAF03749-94FB-4569-BE66-CA68149F838E}.Windows 7 Release|x86.Deploy.0 = Windows 7 Release|Win32
		{3DCBF74B-CAD2-49B4-9AC5-13E4844DE9D0}.Debug|ARM.ActiveCfg = Windows 7 Debug|x64
		{3DCBF74B-CAD2-49B4-9AC5-13E4844DE9D0}.Debug|ARM.Build.0 = Windows 7 Debug|x64
		{3DCBF74B-CAD2-49B4-9AC5-13E4844DE9D0}.Debug|ARM64.ActiveCfg = Windows 7 Debug|x64
		{3DCBF74B-CAD2-49B4-9AC5-13E4844DE9D0}.Debug|ARM64.Build.0 = Windows 7 Debug|x64
		{3DCBF74B-CAD2-49B4-9AC5-13E4844DE9D0}.Debug|x64.ActiveCfg = Windows 7 Debug|x64
		{3DCBF74B-CAD2-49B4-9AC5-13E4844DE9D0}.Debug|x64.Build.0 = Windows 7 Debug|x64
		{3DCBF74B-CAD2-49B4-9AC5-13E4844DE9D0}.Debug|x86.ActiveCfg = Windows 7 Debug|Win32
		{3DCBF74B-CAD2-49B4-9AC5-13E4844DE9D0}.Debug|x86.Build.0 = Windows 7 Debug|Win32
		{3DCBF74B-CAD2-49B4-9AC5-13E4844DE9D0}.Release|ARM.ActiveCfg = Windows 7 Debug|x64
		{3DCBF74B-CAD2-49B4-9AC5-13E4844DE9D0}.Release|ARM.Build.0 = Windows 7 Debug|x64
		{3DCBF74B-CAD2-49B4-9AC5-13E4844DE9D0}.Release|ARM64.ActiveCfg = Windows 7 Debug|x64
		{3DCBF74B-CAD2-49B4-9AC5-13E4844DE9D0}.Release|ARM64.Build.0 = Windows 7 Debug|x64
		{3DCBF74B-CAD2-49B4-9AC5-13E4844DE9D0}.Release|x64.ActiveCfg = Windows 10 Release|x64
		{3DCBF74B-CAD2-49B4-9AC5-13E4844DE9D0}.Release|x64.Build.0 = Windows 10 Release|x64
		{3DCBF74B-CAD2-49B4-9AC5-13E4844DE9D0}.Release|x86.ActiveCfg = Windows 10 Release|Win32
		{3DCBF74B-CAD2-49B4-9AC5-13E4844DE9D0}.Release|x86.Build.0 = Windows 10 Release|Win32
		{3DCBF74B-CAD2-49B4-9AC5-13E4844DE9D0}.Windows 10 Debug|ARM.ActiveCfg = Windows 10 Debug|Win32
		{3DCBF74B-CAD2-49B4-9AC5-13E4844DE9D0}.Windows 10 Debug|ARM64.ActiveCfg = Windows 10 Debug|Win32
		{3DCBF74B-CAD2-49B4-9AC5-13E4844DE9D0}.Windows 10 Debug|x64.ActiveCfg = Windows 10 Debug|x64
		{3DCBF74B-CAD2-49B4-9AC5-13E4844DE9D0}.Windows 10 Debug|x64.Build.0 = Windows 10 Debug|x64
		{3DCBF74B-CAD2-49B4-9AC5-13E4844DE9D0}.Windows 10 Debug|x86.ActiveCfg = Windows 10 Debug|Win32
		{3DCBF74B-CAD2-49B4-9AC5-13E4844DE9D0}.Windows 10 Debug|x86.Build.0 = Windows 10 Debug|Win32
		{3DCBF74B-CAD2-49B4-9AC5-13E4844DE9D0}.Windows 10 Release|ARM.ActiveCfg = Windows 10 Release|Win32
		{3DCBF74B-CAD2-49B4-9AC5-13E4844DE9D0}.Windows 10 Release|ARM64.ActiveCfg = Windows 10 Release|Win32
		{3DCBF74B-CAD2-49B4-9AC5-13E4844DE9D0}.Windows 10 Release|x64.ActiveCfg = Windows 10 Release|x64
		{3DCBF74B-CAD2-49B4-9AC5-13E4844DE9D0}.Windows 10 Release|x64.Build.0 = Windows 10 Release|x64
		{3DCBF74B-CAD2-49B4-9AC5-13E4844DE9D0}.Windows 10 Release|x86.ActiveCfg = Windows 10 Release|Win32
		{3DCBF74B-CAD2-49B4-9AC5-13E4844DE9D0}.Windows 10 Release|x86.Build.0 = Windows 10 Release|Win32
		{3DCBF74B-CAD2-49B4-9AC5-13E4844DE9D0}.Windows 7 Debug|ARM.ActiveCfg = Windows 7 Debug|Win32
		{3DCBF74B-CAD2-49B4-9AC5-13E4844DE9D0}.Windows 7 Debug|ARM64.ActiveCfg = Windows 7 Debug|Win32
		{3DCBF74B-CAD2-49B4-9AC5-13E4844DE9D0}.Windows 7 Debug|x64.ActiveCfg = Windows 7 Debug|x64
		{3DCBF74B-CAD2-49B4-9AC5-13E4844DE9D0}.Windows 7 Debug|x64.Build.0 = Windows 7 Debug|x64
		{3DCBF74B-CAD2-49B4-9AC5-13E4844DE9D0}.Windows 7 Debug|x86.ActiveCfg = Windows 7 Debug|Win32
		{3DCBF74B-CAD2-49B4-9AC5-13E4844DE9D0}.Windows 7 Debug|x86.Build.0 = Windows 7 Debug|Win32
		{3DCBF74B-CAD2-49B4-9AC5-13E4844DE9D0}.Windows 7 Release|ARM.ActiveCfg = Windows 7 Release|Win32
		{3DCBF74B-CAD2-49B4-9AC5-13E4844DE9D0}.Windows 7 Release|ARM64.ActiveCfg = Windows 7 Release|Win32
		{3DCBF74B-CAD2-49B4-9AC5-13E4844DE9D0}.Windows 7 Release|x64.ActiveCfg = Windows 7 Release|x64
		{3DCBF74B-CAD2-49B4-9AC5-13E4844DE9D0}.Windows 7 Release|x64.Build.0 = Windows 7 Release|x64
		{3DCBF74B-CAD2-49B4-9AC5-13E4844DE9D0}.Windows 7 Release|x86.ActiveCfg = Windows 7 Release|Win32
		{3DCBF74B-CAD2-49B4-9AC5-13E4844DE9D0}.Windows 7 Release|x86.Build.0 = Windows 7 Release|Win32
		{03237EF5-FB1D-4973-99FC-6FE0BCEBE61D}.Debug|ARM.ActiveCfg = Windows 10 Debug|ARM
		{03237EF5-FB1D-4973-99FC-6FE0BCEBE61D}.Debug|ARM.Build.0 = Windows 10 Debug|ARM
		{03237EF5-FB1D-4973-99FC-6FE0BCEBE61D}.Debug|ARM.Deploy.0 = Windows 10 Debug|ARM
		{03237EF5-FB1D-4973-99FC-6FE0BCEBE61D}.Debug|ARM64.ActiveCfg = Windows 10 Debug|ARM64
		{03237EF5-FB1D-4973-99FC-6FE0BCEBE61D}.Debug|ARM64.Build.0 = Windows 10 Debug|ARM64
		{03237EF5-FB1D-4973-99FC-6FE0BCEBE61D}.Debug|ARM64.Deploy.0 = Windows 10 Debug|ARM64
		{03237EF5-FB1D-4973-99FC-6FE0BCEBE61D}.Debug|x64.ActiveCfg = Windows 10 Debug|x64
		{03237EF5-FB1D-4973-99FC-6FE0BCEBE61D}.Debug|x64.Build.0 = Windows 10 Debug|x64
		{03237EF5-FB1D-4973-99FC-6FE0BCEBE61D}.Debug|x64.Deploy.0 = Windows 10 Debug|x64
		{03237EF5-FB1D-4973-99FC-6FE0BCEBE61D}.Debug|x86.ActiveCfg = Windows 10 Debug|Win32
		{03237EF5-FB1D-4973-99FC-6FE0BCEBE61D}.Debug|x86.Build.0 = Windows 10 Debug|Win32
		{03237EF5-FB1D-4973-99FC-6FE0BCEBE61D}.Debug|x86.Deploy.0 = Windows 10 Debug|Win32
		{03237EF5-FB1D-4973-99FC-6FE0BCEBE61D}.Release|ARM.ActiveCfg = Windows 10 Release|ARM
		{03237EF5-FB1D-4973-99FC-6FE0BCEBE61D}.Release|ARM.Build.0 = Windows 10 Release|ARM
		{03237EF5-FB1D-4973-99FC-6FE0BCEBE61D}.Release|ARM.Deploy.0 = Windows 10 Release|ARM
		{03237EF5-FB1D-4973-99FC-6FE0BCEBE61D}.Release|ARM64.ActiveCfg = Windows 10 Release|ARM64
		{03237EF5-FB1D-4973-99FC-6FE0BCEBE61D}.Release|ARM64.Build.0 = Windows 10 Release|ARM64
		{03237EF5-FB1D-4973-99FC-6FE0BCEBE61D}.Release|ARM64.Deploy.0 = Windows 10 Release|ARM64
		{03237EF5-FB1D-4973-99FC-6FE0BCEBE61D}.Release|x64.ActiveCfg = Windows 10 Release|x64
		{03237EF5-FB1D-4973-99FC-6FE0BCEBE61D}.Release|x64.Build.0 = Windows 10 Release|x64
		{03237EF5-FB1D-4973-99FC-6FE0BCEBE61D}.Release|x64.Deploy.0 = Windows 10 Release|x64
		{03237EF5-FB1D-4973-99FC-6FE0BCEBE61D}.Release|x86.ActiveCfg = Windows 10 Release|Win32
		{03237EF5-FB1D-4973-99FC-6FE0BCEBE61D}.Release|x86.Build.0 = Windows 10 Release|Win32
		{03237EF5-FB1D-4973-99FC-6FE0BCEBE61D}.Release|x86.Deploy.0 = Windows 10 Release|Win32
		{03237EF5-FB1D-4973-99FC-6FE0BCEBE61D}.Windows 10 Debug|ARM.ActiveCfg = Windows 10 Debug|ARM
		{03237EF5-FB1D-4973-99FC-6FE0BCEBE61D}.Windows 10 Debug|ARM.Build.0 = Windows 10 Debug|ARM
		{03237EF5-FB1D-4973-99FC-6FE0BCEBE61D}.Windows 10 Debug|ARM.Deploy.0 = Windows 10 Debug|ARM
		{03237EF5-FB1D-4973-99FC-6FE0BCEBE61D}.Windows 10 Debug|ARM64.ActiveCfg = Windows 10 Debug|ARM64
		{03237EF5-FB1D-4973-99FC-6FE0BCEBE61D}.Windows 10 Debug|ARM64.Build.0 = Windows 10 Debug|ARM64
		{03237EF5-FB1D-4973-99FC-6FE0BCEBE61D}.Windows 10 Debug|ARM64.Deploy.0 = Windows 10 Debug|ARM64
		{03237EF5-FB1D-4973-99FC-6FE0BCEBE61D}.Windows 10 Debug|x64.ActiveCfg = Windows 10 Debug|x64
		{03237EF5-FB1D-4973-99FC-6FE0BCEBE61D}.Windows 10 Debug|x64.Build.0 = Windows 10 Debug|x64
		{03237EF5-FB1D-4973-99FC-6FE0BCEBE61D}.Windows 10 Debug|x64.Deploy.0 = Windows 10 Debug|x64
		{03237EF5-FB1D-4973-99FC-6FE0BCEBE61D}.Windows 10 Debug|x86.ActiveCfg = Windows 10 Debug|Win32
		{03237EF5-FB1D-4973-99FC-6FE0BCEBE61D}.Windows 10 Debug|x86.Build.0 = Windows 10 Debug|Win32
		{03237EF5-FB1D-4973-99FC-6FE0BCEBE61D}.Windows 10 Debug|x86.Deploy.0 = Windows 10 Debug|Win32
		{03237EF5-FB1D-4973-99FC-6FE0BCEBE61D}.Windows 10 Release|ARM.ActiveCfg = Windows 10 Release|ARM
		{03237EF5-FB1D-4973-99FC-6FE0BCEBE61D}.Windows 10 Release|ARM.Build.0 = Windows 10 Release|ARM
		{03237EF5-FB1D-4973-99FC-6FE0BCEBE61D}.Windows 10 Release|ARM.Deploy.0 = Windows 10 Release|ARM
		{03237EF5-FB1D-4973-99FC-6FE0BCEBE61D}.Windows 10 Release|ARM64.ActiveCfg = Windows 10 Release|ARM64
		{03237EF5-FB1D-4973-99FC-6FE0BCEBE61D}.Windows 10 Release|ARM64.Build.0 = Windows 10 Release|ARM64
		{03237EF5-FB1D-4973-99FC-6FE0BCEBE61D}.Windows 10 Release|ARM64.Deploy.0 = Windows 10 Release|ARM64
		{03237EF5-FB1D-4973-99FC-6FE0BCEBE61D}.Windows 10 Release|x64.ActiveCfg = Windows 10 Release|x64
		{03237EF5-FB1D-4973-99FC-6FE0BCEBE61D}.Windows 10 Release|x64.Build.0 = Windows 10 Release|x64
		{03237EF5-FB1D-4973-99FC-6FE0BCEBE61D}.Windows 10 Release|x64.Deploy.0 = Windows 10 Release|x64
		{03237EF5-FB1D-4973-99FC-6FE0BCEBE61D}.Windows 10 Release|x86.ActiveCfg = Windows 10 Release|Win32
		{03237EF5-FB1D-4973-99FC-6FE0BCEBE61D}.Windows 10 Release|x86.Build.0 = Windows 10 Release|Win32
		{03237EF5-FB1D-4973-99FC-6FE0BCEBE61D}.Windows 10 Release|x86.Deploy.0 = Windows 10 Release|Win32
		{03237EF5-FB1D-4973-99FC-6FE0BCEBE61D}.Windows 7 Debug|ARM.ActiveCfg = Windows 10 Release|ARM
		{03237EF5-FB1D-4973-99FC-6FE0BCEBE61D}.Windows 7 Debug|ARM.Build.0 = Windows 10 Release|ARM
		{03237EF5-FB1D-4973-99FC-6FE0BCEBE61D}.Windows 7 Debug|ARM.Deploy.0 = Windows 10 Release|ARM
		{03237EF5-FB1D-4973-99FC-6FE0BCEBE61D}.Windows 7 Debug|ARM64.ActiveCfg = Windows 10 Release|ARM64
		{03237EF5-FB1D-4973-99FC-6FE0BCEBE61D}.Windows 7 Debug|ARM64.Build.0 = Windows 10 Release|ARM64
		{03237EF5-FB1D-4973-99FC-6FE0BCEBE61D}.Windows 7 Debug|ARM64.Deploy.0 = Windows 10 Release|ARM64
		{03237EF5-FB1D-4973-99FC-6FE0BCEBE61D}.Windows 7 Debug|x64.ActiveCfg = Windows 10 Release|x64
		{03237EF5-FB1D-4973-99FC-6FE0BCEBE61D}.Windows 7 Debug|x64.Build.0 = Windows 10 Release|x64
		{03237EF5-FB1D-4973-99FC-6FE0BCEBE61D}.Windows 7 Debug|x64.Deploy.0 = Windows 10 Release|x64
		{03237EF5-FB1D-4973-99FC-6FE0BCEBE61D}.Windows 7 Debug|x86.ActiveCfg = Windows 10 Release|Win32
		{03237EF5-FB1D-4973-99FC-6FE0BCEBE61D}.Windows 7 Debug|x86.Build.0 = Windows 10 Release|Win32
		{03237EF5-FB1D-4973-99FC-6FE0BCEBE61D}.Windows 7 Debug|x86.Deploy.0 = Windows 10 Release|Win32
		{03237EF5-FB1D-4973-99FC-6FE0BCEBE61D}.Windows 7 Release|ARM.ActiveCfg = Windows 10 Release|ARM
		{03237EF5-FB1D-4973-99FC-6FE0BCEBE61D}.Windows 7 Release|ARM.Build.0 = Windows 10 Release|ARM
		{03237EF5-FB1D-4973-99FC-6FE0BCEBE61D}.Windows 7 Release|ARM.Deploy.0 = Windows 10 Release|ARM
		{03237EF5-FB1D-4973-99FC-6FE0BCEBE61D}.Windows 7 Release|ARM64.ActiveCfg = Windows 10 Release|ARM64
		{03237EF5-FB1D-4973-99FC-6FE0BCEBE61D}.Windows 7 Release|ARM64.Build.0 = Windows 10 Release|ARM64
		{03237EF5-FB1D-4973-99FC-6FE0BCEBE61D}.Windows 7 Release|ARM64.Deploy.0 = Windows 10 Release|ARM64
		{03237EF5-FB1D-4973-99FC-6FE0BCEBE61D}.Windows 7 Release|x64.ActiveCfg = Windows 10 Release|x64
		{03237EF5-FB1D-4973-99FC-6FE0BCEBE61D}.Windows 7 Release|x64.Build.0 = Windows 10 Release|x64
		{03237EF5-FB1D-4973-99FC-6FE0BCEBE61D}.Windows 7 Release|x64.Deploy.0 = Windows 10 Release|x64
		{03237EF5-FB1D-4973-99FC-6FE0BCEBE61D}.Windows 7 Release|x86.ActiveCfg = Windows 10 Release|Win32
		{03237EF5-FB1D-4973-99FC-6FE0BCEBE61D}.Windows 7 Release|x86.Build.0 = Windows 10 Release|Win32
		{03237EF5-FB1D-4973-99FC-6FE0BCEBE61D}.Windows 7 Release|x86.Deploy.0 = Windows 10 Release|Win32
		{65FA97EA-A569-4FC1-BFE7-D68E109143F7}.Debug|ARM.ActiveCfg = Windows 7 Debug|x64
		{65FA97EA-A569-4FC1-BFE7-D68E109143F7}.Debug|ARM.Build.0 = Windows 7 Debug|x64
		{65FA97EA-A569-4FC1-BFE7-D68E109143F7}.Debug|ARM64.ActiveCfg = Windows 7 Debug|x64
		{65FA97EA-A569-4FC1-BFE7-D68E109143F7}.Debug|ARM64.Build.0 = Windows 7 Debug|x64
		{65FA97EA-A569-4FC1-BFE7-D68E109143F7}.Debug|x64.ActiveCfg = Windows 7 Debug|x64
		{65FA97EA-A569-4FC1-BFE7-D68E109143F7}.Debug|x64.Build.0 = Windows 7 Debug|x64
		{65FA97EA-A569-4FC1-BFE7-D68E109143F7}.Debug|x86.ActiveCfg = Windows 7 Debug|Win32
		{65FA97EA-A569-4FC1-BFE7-D68E109143F7}.Debug|x86.Build.0 = Windows 7 Debug|Win32
		{65FA97EA-A569-4FC1-BFE7-D68E109143F7}.Release|ARM.ActiveCfg = Windows 7 Debug|x64
		{65FA97EA-A569-4FC1-BFE7-D68E109143F7}.Release|ARM.Build.0 = Windows 7 Debug|x64
		{65FA97EA-A569-4FC1-BFE7-D68E109143F7}.Release|ARM64.ActiveCfg = Windows 7 Debug|x64
		{65FA97EA-A569-4FC1-BFE7-D68E109143F7}.Release|ARM64.Build.0 = Windows 7 Debug|x64
		{65FA97EA-A569-4FC1-BFE7-D68E109143F7}.Release|x64.ActiveCfg = Windows 10 Release|x64
		{65FA97EA-A569-4FC1-BFE7-D68E109143F7}.Release|x64.Build.0 = Windows 10 Release|x64
		{65FA97EA-A569-4FC1-BFE7-D68E109143F7}.Release|x86.ActiveCfg = Windows 10 Release|Win32
		{65FA97EA-A569-4FC1-BFE7-D68E109143F7}.Release|x86.Build.0 = Windows 10 Release|Win32
		{65FA97EA-A569-4FC1-BFE7-D68E109143F7}.Windows 10 Debug|ARM.ActiveCfg = Windows 10 Debug|Win32
		{65FA97EA-A569-4FC1-BFE7-D68E109143F7}.Windows 10 Debug|ARM64.ActiveCfg = Windows 10 Debug|Win32
		{65FA97EA-A569-4FC1-BFE7-D68E109143F7}.Windows 10 Debug|x64.ActiveCfg = Windows 10 Debug|x64
		{65FA97EA-A569-4FC1-BFE7-D68E109143F7}.Windows 10 Debug|x64.Build.0 = Windows 10 Debug|x64
		{65FA97EA-A569-4FC1-BFE7-D68E109143F7}.Windows 10 Debug|x86.ActiveCfg = Windows 10 Debug|Win32
		{65FA97EA-A569-4FC1-BFE7-D68E109143F7}.Windows 10 Debug|x86.Build.0 = Windows 10 Debug|Win32
		{65FA97EA-A569-4FC1-BFE7-D68E109143F7}.Windows 10 Release|ARM.ActiveCfg = Windows 10 Release|Win32
		{65FA97EA-A569-4FC1-BFE7-D68E109143F7}.Windows 10 Release|ARM64.ActiveCfg = Windows 10 Release|Win32
		{65FA97EA-A569-4FC1-BFE7-D68E109143F7}.Windows 10 Release|x64.ActiveCfg = Windows 10 Release|x64
		{65FA97EA-A569-4FC1-BFE7-D68E109143F7}.Windows 10 Release|x64.Build.0 = Windows 10 Release|x64
		{65FA97EA-A569-4FC1-BFE7-D68E109143F7}.Windows 10 Release|x86.ActiveCfg = Windows 10 Release|Win32
		{65FA97EA-A569-4FC1-BFE7-D68E109143F7}.Windows 10 Release|x86.Build.0 = Windows 10 Release|Win32
		{65FA97EA-A569-4FC1-BFE7-D68E109143F7}.Windows 7 Debug|ARM.ActiveCfg = Windows 7 Debug|Win32
		{65FA97EA-A569-4FC1-BFE7-D68E109143F7}.Windows 7 Debug|ARM64.ActiveCfg = Windows 7 Debug|Win32
		{65FA97EA-A569-4FC1-BFE7-D68E109143F7}.Windows 7 Debug|x64.ActiveCfg = Windows 7 Debug|x64
		{65FA97EA-A569-4FC1-BFE7-D68E109143F7}.Windows 7 Debug|x64.Build.0 = Windows 7 Debug|x64
		{65FA97EA-A569-4FC1-BFE7-D68E109143F7}.Windows 7 Debug|x86.ActiveCfg = Windows 7 Debug|Win32
		{65FA97EA-A569-4FC1-BFE7-D68E109143F7}.Windows 7 Debug|x86.Build.0 = Windows 7 Debug|Win32
		{65FA97EA-A569-4FC1-BFE7-D68E109143F7}.Windows 7 Release|ARM.ActiveCfg = Windows 7 Release|Win32
		{65FA97EA-A569-4FC1-BFE7-D68E109143F7}.Windows 7 Release|ARM64.ActiveCfg = Windows 7 Release|Win32
		{65FA97EA-A569-4FC1-BFE7-D68E109143F7}.Windows 7 Release|x64.ActiveCfg = Windows 7 Release|x64
		{65FA97EA-A569-4FC1-BFE7-D68E109143F7}.Windows 7 Release|x64.Build.0 = Windows 7 Release|x64
		{65FA97EA-A569-4FC1-BFE7-D68E109143F7}.Windows 7 Release|x86.ActiveCfg = Windows 7 Release|Win32
		{65FA97EA-A569-4FC1-BFE7-D68E109143F7}.Windows 7 Release|x86.Build.0 = Windows 7 Release|Win32
	EndGlobalSection
	GlobalSection(SolutionProperties) = preSolution
		HideSolutionNode = FALSE
	EndGlobalSection
	GlobalSection(ExtensibilityGlobals) = postSolution
		SolutionGuid = {D981ECCB-5217-4B27-8BE5-39992D895192}
	EndGlobalSection
EndGlobal
